
Microsoft Visual Studio Solution File, Format Version 12.00
# Visual Studio Version 17
VisualStudioVersion = 17.7.34202.233
MinimumVisualStudioVersion = 10.0.40219.1
Project("{FAE04EC0-301F-11D3-BF4B-00C04F79EFBC}") = "work_AuthTest", "work_AuthTest\work_AuthTest.csproj", "{17C70633-0057-47C7-81D1-7382B477E213}"
EndProject
Global
	GlobalSection(SolutionConfigurationPlatforms) = preSolution
		Debug|Any CPU = Debug|Any CPU
		Release|Any CPU = Release|Any CPU
	EndGlobalSection
	GlobalSection(ProjectConfigurationPlatforms) = postSolution
		{17C70633-0057-47C7-81D1-7382B477E213}.Debug|Any CPU.ActiveCfg = Debug|Any CPU
		{17C70633-0057-47C7-81D1-7382B477E213}.Debug|Any CPU.Build.0 = Debug|Any CPU
		{17C70633-0057-47C7-81D1-7382B477E213}.Release|Any CPU.ActiveCfg = Release|Any CPU
		{17C70633-0057-47C7-81D1-7382B477E213}.Release|Any CPU.Build.0 = Release|Any CPU
	EndGlobalSection
	GlobalSection(SolutionProperties) = preSolution
		HideSolutionNode = FALSE
	EndGlobalSection
	GlobalSection(ExtensibilityGlobals) = postSolution
		SolutionGuid = {C8BCC7FC-F635-4608-8A4F-4F4F16A5FE41}
	EndGlobalSection
EndGlobal
